
Microsoft Visual Studio Solution File, Format Version 12.00
# Visual Studio Version 17
VisualStudioVersion = 17.5.33516.290
MinimumVisualStudioVersion = 10.0.40219.1
Project("{FAE04EC0-301F-11D3-BF4B-00C04F79EFBC}") = "HAmerger", "HAmerger\HAmerger.csproj", "{6480155A-E6DA-4319-B8B2-A885AD473C50}"
EndProject
Global
	GlobalSection(SolutionConfigurationPlatforms) = preSolution
		Debug|Any CPU = Debug|Any CPU
		Release|Any CPU = Release|Any CPU
	EndGlobalSection
	GlobalSection(ProjectConfigurationPlatforms) = postSolution
		{6480155A-E6DA-4319-B8B2-A885AD473C50}.Debug|Any CPU.ActiveCfg = Debug|Any CPU
		{6480155A-E6DA-4319-B8B2-A885AD473C50}.Debug|Any CPU.Build.0 = Debug|Any CPU
		{6480155A-E6DA-4319-B8B2-A885AD473C50}.Release|Any CPU.ActiveCfg = Release|Any CPU
		{6480155A-E6DA-4319-B8B2-A885AD473C50}.Release|Any CPU.Build.0 = Release|Any CPU
	EndGlobalSection
	GlobalSection(SolutionProperties) = preSolution
		HideSolutionNode = FALSE
	EndGlobalSection
	GlobalSection(ExtensibilityGlobals) = postSolution
		SolutionGuid = {A64C3519-B751-4933-8A38-A3B1D792EF33}
	EndGlobalSection
EndGlobal
